
Microsoft Visual Studio Solution File, Format Version 12.00
# Visual Studio Version 17
VisualStudioVersion = 17.0.31903.59
MinimumVisualStudioVersion = 10.0.40219.1
Project("{FAE04EC0-301F-11D3-BF4B-00C04F79EFBC}") = "Aeterna.Godot", "Aeterna.Godot.csproj", "{F504EA6E-AF9A-4976-8460-25AB1CE7839D}"
EndProject
Project("{FAE04EC0-301F-11D3-BF4B-00C04F79EFBC}") = "Aeterna.RuntimeCandidate", "..\C#\Aeterna.RuntimeCandidate\Aeterna.RuntimeCandidate.csproj", "{89871CD8-08A3-4FDF-BC23-7E95690FACCA}"
EndProject
Global
	GlobalSection(SolutionConfigurationPlatforms) = preSolution
		Debug|Any CPU = Debug|Any CPU
		ExportDebug|Any CPU = ExportDebug|Any CPU
		ExportRelease|Any CPU = ExportRelease|Any CPU
	EndGlobalSection
	GlobalSection(SolutionProperties) = preSolution
		HideSolutionNode = FALSE
	EndGlobalSection
	GlobalSection(ProjectConfigurationPlatforms) = postSolution
		{F504EA6E-AF9A-4976-8460-25AB1CE7839D}.Debug|Any CPU.ActiveCfg = Debug|Any CPU
		{F504EA6E-AF9A-4976-8460-25AB1CE7839D}.Debug|Any CPU.Build.0 = Debug|Any CPU
		{F504EA6E-AF9A-4976-8460-25AB1CE7839D}.ExportDebug|Any CPU.ActiveCfg = ExportDebug|Any CPU
		{F504EA6E-AF9A-4976-8460-25AB1CE7839D}.ExportDebug|Any CPU.Build.0 = ExportDebug|Any CPU
		{F504EA6E-AF9A-4976-8460-25AB1CE7839D}.ExportRelease|Any CPU.ActiveCfg = ExportRelease|Any CPU
		{F504EA6E-AF9A-4976-8460-25AB1CE7839D}.ExportRelease|Any CPU.Build.0 = ExportRelease|Any CPU
		{89871CD8-08A3-4FDF-BC23-7E95690FACCA}.Debug|Any CPU.ActiveCfg = Debug|Any CPU
		{89871CD8-08A3-4FDF-BC23-7E95690FACCA}.Debug|Any CPU.Build.0 = Debug|Any CPU
		{89871CD8-08A3-4FDF-BC23-7E95690FACCA}.ExportDebug|Any CPU.ActiveCfg = Debug|Any CPU
		{89871CD8-08A3-4FDF-BC23-7E95690FACCA}.ExportDebug|Any CPU.Build.0 = Debug|Any CPU
		{89871CD8-08A3-4FDF-BC23-7E95690FACCA}.ExportRelease|Any CPU.ActiveCfg = Release|Any CPU
		{89871CD8-08A3-4FDF-BC23-7E95690FACCA}.ExportRelease|Any CPU.Build.0 = Release|Any CPU
	EndGlobalSection
EndGlobal
